
Microsoft Visual Studio Solution File, Format Version 12.00
# Visual Studio 15
VisualStudioVersion = 15.0.28307.852
MinimumVisualStudioVersion = 10.0.40219.1
Project("{FAE04EC0-301F-11D3-BF4B-00C04F79EFBC}") = "QuanLyQuanCaFe", "QuanLyQuanCaFe\QuanLyQuanCaFe.csproj", "{33780A8A-61AC-4334-9F78-57D49BC2B124}"
EndProject
Project("{54435603-DBB4-11D2-8724-00A0C9A8B90C}") = "Setup1", "Setup1\Setup1.vdproj", "{E2EBD077-84D3-449A-9BA4-4F796AFA52FD}"
EndProject
Project("{840C416C-B8F3-42BC-B0DD-F6BB14C9F8CB}") = "AI Setup Project1", "AI Setup Project1\AI Setup Project1.aiproj", "{0AD0C965-4B00-43B6-93B3-7DB1543B7491}"
EndProject
Global
	GlobalSection(SolutionConfigurationPlatforms) = preSolution
		All|Any CPU = All|Any CPU
		Debug|Any CPU = Debug|Any CPU
		Release|Any CPU = Release|Any CPU
	EndGlobalSection
	GlobalSection(ProjectConfigurationPlatforms) = postSolution
		{33780A8A-61AC-4334-9F78-57D49BC2B124}.All|Any CPU.ActiveCfg = Release|Any CPU
		{33780A8A-61AC-4334-9F78-57D49BC2B124}.All|Any CPU.Build.0 = Release|Any CPU
		{33780A8A-61AC-4334-9F78-57D49BC2B124}.Debug|Any CPU.ActiveCfg = Debug|Any CPU
		{33780A8A-61AC-4334-9F78-57D49BC2B124}.Debug|Any CPU.Build.0 = Debug|Any CPU
		{33780A8A-61AC-4334-9F78-57D49BC2B124}.Release|Any CPU.ActiveCfg = Release|Any CPU
		{33780A8A-61AC-4334-9F78-57D49BC2B124}.Release|Any CPU.Build.0 = Release|Any CPU
		{E2EBD077-84D3-449A-9BA4-4F796AFA52FD}.All|Any CPU.ActiveCfg = Release
		{E2EBD077-84D3-449A-9BA4-4F796AFA52FD}.Debug|Any CPU.ActiveCfg = Debug
		{E2EBD077-84D3-449A-9BA4-4F796AFA52FD}.Release|Any CPU.ActiveCfg = Release
		{0AD0C965-4B00-43B6-93B3-7DB1543B7491}.All|Any CPU.ActiveCfg = DefaultBuild
		{0AD0C965-4B00-43B6-93B3-7DB1543B7491}.All|Any CPU.Build.0 = DefaultBuild
		{0AD0C965-4B00-43B6-93B3-7DB1543B7491}.Debug|Any CPU.ActiveCfg = DefaultBuild
		{0AD0C965-4B00-43B6-93B3-7DB1543B7491}.Debug|Any CPU.Build.0 = DefaultBuild
		{0AD0C965-4B00-43B6-93B3-7DB1543B7491}.Release|Any CPU.ActiveCfg = DefaultBuild
		{0AD0C965-4B00-43B6-93B3-7DB1543B7491}.Release|Any CPU.Build.0 = DefaultBuild
	EndGlobalSection
	GlobalSection(SolutionProperties) = preSolution
		HideSolutionNode = FALSE
	EndGlobalSection
	GlobalSection(ExtensibilityGlobals) = postSolution
		SolutionGuid = {0E807FD3-F100-4E0B-97DC-686C7A16AE82}
	EndGlobalSection
EndGlobal
